<?xml version="1.0" encoding="utf-8"?>
<Project ToolsVersion="4.0" xmlns="http://schemas.microsoft.com/developer/msbuild/2003">
  <ItemGroup>
    <Filter Include="source">
      <UniqueIdentifier>{a574e7ba-8121-451e-ac5d-ef498b34e7af}</UniqueIdentifier>
    </Filter>
    <Filter Include="include">
      <UniqueIdentifier>{7466cd02-470d-4787-a7ca-3cebe5c27eb3}</UniqueIdentifier>
    </Filter>
  </ItemGroup>
  <ItemGroup>
    <ClInclude Include="..\include\limax.lua.h">
      <Filter>include</Filter>
    </ClInclude>
    <ClInclude Include="..\clibs\common.h">
      <Filter>source</Filter>
    </ClInclude>
    <ClInclude Include="..\clibs\luahelper.h">
      <Filter>source</Filter>
    </ClInclude>
    <ClInclude Include="..\clibs\oshelper.h">
      <Filter>source</Filter>
    </ClInclude>
  </ItemGroup>
  <ItemGroup>
    <ClCompile Include="..\clibs\limax.lua.cpp">
      <Filter>source</Filter>
    </ClCompile>
    <ClCompile Include="..\clibs\limaxcontext.cpp">
      <Filter>source</Filter>
    </ClCompile>
    <ClCompile Include="..\clibs\luacodestring.cpp">
      <Filter>source</Filter>
    </ClCompile>
    <ClCompile Include="..\clibs\luahelper.cpp">
      <Filter>source</Filter>
    </ClCompile>
    <ClCompile Include="..\clibs\oshelper.cpp">
      <Filter>source</Filter>
    </ClCompile>
    <ClCompile Include="..\clibs\limaxscript.cpp">
      <Filter>source</Filter>
    </ClCompile>
  </ItemGroup>
</Project>