
Microsoft Visual Studio Solution File, Format Version 12.00
# Visual Studio 2013
VisualStudioVersion = 12.0.31101.0
MinimumVisualStudioVersion = 10.0.40219.1
Project("{8BC9CEB8-8B4A-11D0-8D11-00A0C91BC942}") = "liblua", "liblua.vcxproj", "{05716621-9749-4C78-8CAD-7CA6581312D0}"
EndProject
Project("{8BC9CEB8-8B4A-11D0-8D11-00A0C91BC942}") = "lua", "lua.vcxproj", "{5FFF5BED-FE3E-4B22-99C9-73A2597AA729}"
EndProject
Project("{8BC9CEB8-8B4A-11D0-8D11-00A0C91BC942}") = "luac", "luac.vcxproj", "{2C7C4991-5866-4A8F-A524-711E5EC25717}"
EndProject
Project("{8BC9CEB8-8B4A-11D0-8D11-00A0C91BC942}") = "limax.lua", "limax.lua.vcxproj", "{A2B9C9E4-C51A-481F-8BBB-C8BA73DBFBF5}"
EndProject
Project("{8BC9CEB8-8B4A-11D0-8D11-00A0C91BC942}") = "limax", "..\..\..\cpp\limax\windows.vs2013\limax.vcxproj", "{1467CF32-F9FD-4BC7-8836-29A29ABF13F2}"
EndProject
Project("{8BC9CEB8-8B4A-11D0-8D11-00A0C91BC942}") = "scriptapp", "scriptapp.vcxproj", "{8B0FACF2-2C39-42D0-911B-67F21E88E70E}"
EndProject
Global
	GlobalSection(SolutionConfigurationPlatforms) = preSolution
		Debug|Win32 = Debug|Win32
		Debug|x64 = Debug|x64
		Release|Win32 = Release|Win32
		Release|x64 = Release|x64
	EndGlobalSection
	GlobalSection(ProjectConfigurationPlatforms) = postSolution
		{05716621-9749-4C78-8CAD-7CA6581312D0}.Debug|Win32.ActiveCfg = Debug|Win32
		{05716621-9749-4C78-8CAD-7CA6581312D0}.Debug|Win32.Build.0 = Debug|Win32
		{05716621-9749-4C78-8CAD-7CA6581312D0}.Debug|x64.ActiveCfg = Debug|x64
		{05716621-9749-4C78-8CAD-7CA6581312D0}.Debug|x64.Build.0 = Debug|x64
		{05716621-9749-4C78-8CAD-7CA6581312D0}.Release|Win32.ActiveCfg = Release|Win32
		{05716621-9749-4C78-8CAD-7CA6581312D0}.Release|Win32.Build.0 = Release|Win32
		{05716621-9749-4C78-8CAD-7CA6581312D0}.Release|x64.ActiveCfg = Release|x64
		{05716621-9749-4C78-8CAD-7CA6581312D0}.Release|x64.Build.0 = Release|x64
		{5FFF5BED-FE3E-4B22-99C9-73A2597AA729}.Debug|Win32.ActiveCfg = Debug|Win32
		{5FFF5BED-FE3E-4B22-99C9-73A2597AA729}.Debug|Win32.Build.0 = Debug|Win32
		{5FFF5BED-FE3E-4B22-99C9-73A2597AA729}.Debug|x64.ActiveCfg = Debug|x64
		{5FFF5BED-FE3E-4B22-99C9-73A2597AA729}.Debug|x64.Build.0 = Debug|x64
		{5FFF5BED-FE3E-4B22-99C9-73A2597AA729}.Release|Win32.ActiveCfg = Release|Win32
		{5FFF5BED-FE3E-4B22-99C9-73A2597AA729}.Release|Win32.Build.0 = Release|Win32
		{5FFF5BED-FE3E-4B22-99C9-73A2597AA729}.Release|x64.ActiveCfg = Release|x64
		{5FFF5BED-FE3E-4B22-99C9-73A2597AA729}.Release|x64.Build.0 = Release|x64
		{2C7C4991-5866-4A8F-A524-711E5EC25717}.Debug|Win32.ActiveCfg = Debug|Win32
		{2C7C4991-5866-4A8F-A524-711E5EC25717}.Debug|Win32.Build.0 = Debug|Win32
		{2C7C4991-5866-4A8F-A524-711E5EC25717}.Debug|x64.ActiveCfg = Debug|x64
		{2C7C4991-5866-4A8F-A524-711E5EC25717}.Debug|x64.Build.0 = Debug|x64
		{2C7C4991-5866-4A8F-A524-711E5EC25717}.Release|Win32.ActiveCfg = Release|Win32
		{2C7C4991-5866-4A8F-A524-711E5EC25717}.Release|Win32.Build.0 = Release|Win32
		{2C7C4991-5866-4A8F-A524-711E5EC25717}.Release|x64.ActiveCfg = Release|x64
		{2C7C4991-5866-4A8F-A524-711E5EC25717}.Release|x64.Build.0 = Release|x64
		{A2B9C9E4-C51A-481F-8BBB-C8BA73DBFBF5}.Debug|Win32.ActiveCfg = Debug|Win32
		{A2B9C9E4-C51A-481F-8BBB-C8BA73DBFBF5}.Debug|Win32.Build.0 = Debug|Win32
		{A2B9C9E4-C51A-481F-8BBB-C8BA73DBFBF5}.Debug|x64.ActiveCfg = Debug|x64
		{A2B9C9E4-C51A-481F-8BBB-C8BA73DBFBF5}.Debug|x64.Build.0 = Debug|x64
		{A2B9C9E4-C51A-481F-8BBB-C8BA73DBFBF5}.Release|Win32.ActiveCfg = Release|Win32
		{A2B9C9E4-C51A-481F-8BBB-C8BA73DBFBF5}.Release|Win32.Build.0 = Release|Win32
		{A2B9C9E4-C51A-481F-8BBB-C8BA73DBFBF5}.Release|x64.ActiveCfg = Release|x64
		{A2B9C9E4-C51A-481F-8BBB-C8BA73DBFBF5}.Release|x64.Build.0 = Release|x64
		{1467CF32-F9FD-4BC7-8836-29A29ABF13F2}.Debug|Win32.ActiveCfg = Debug|Win32
		{1467CF32-F9FD-4BC7-8836-29A29ABF13F2}.Debug|Win32.Build.0 = Debug|Win32
		{1467CF32-F9FD-4BC7-8836-29A29ABF13F2}.Debug|x64.ActiveCfg = Debug|x64
		{1467CF32-F9FD-4BC7-8836-29A29ABF13F2}.Debug|x64.Build.0 = Debug|x64
		{1467CF32-F9FD-4BC7-8836-29A29ABF13F2}.Release|Win32.ActiveCfg = Release|Win32
		{1467CF32-F9FD-4BC7-8836-29A29ABF13F2}.Release|Win32.Build.0 = Release|Win32
		{1467CF32-F9FD-4BC7-8836-29A29ABF13F2}.Release|x64.ActiveCfg = Release|x64
		{1467CF32-F9FD-4BC7-8836-29A29ABF13F2}.Release|x64.Build.0 = Release|x64
		{8B0FACF2-2C39-42D0-911B-67F21E88E70E}.Debug|Win32.ActiveCfg = Debug|Win32
		{8B0FACF2-2C39-42D0-911B-67F21E88E70E}.Debug|Win32.Build.0 = Debug|Win32
		{8B0FACF2-2C39-42D0-911B-67F21E88E70E}.Debug|x64.ActiveCfg = Debug|x64
		{8B0FACF2-2C39-42D0-911B-67F21E88E70E}.Debug|x64.Build.0 = Debug|x64
		{8B0FACF2-2C39-42D0-911B-67F21E88E70E}.Release|Win32.ActiveCfg = Release|Win32
		{8B0FACF2-2C39-42D0-911B-67F21E88E70E}.Release|Win32.Build.0 = Release|Win32
		{8B0FACF2-2C39-42D0-911B-67F21E88E70E}.Release|x64.ActiveCfg = Release|x64
		{8B0FACF2-2C39-42D0-911B-67F21E88E70E}.Release|x64.Build.0 = Release|x64
	EndGlobalSection
	GlobalSection(SolutionProperties) = preSolution
		HideSolutionNode = FALSE
	EndGlobalSection
EndGlobal
