
Microsoft Visual Studio Solution File, Format Version 12.00
# Visual Studio 2013
VisualStudioVersion = 12.0.31101.0
MinimumVisualStudioVersion = 10.0.40219.1
Project("{FAE04EC0-301F-11D3-BF4B-00C04F79EFBC}") = "limax", "limax.csproj", "{720C08CD-4CC2-42FA-9DED-4231B9831081}"
EndProject
Global
	GlobalSection(SolutionConfigurationPlatforms) = preSolution
		Debug|Any CPU = Debug|Any CPU
		Release|Any CPU = Release|Any CPU
	EndGlobalSection
	GlobalSection(ProjectConfigurationPlatforms) = postSolution
		{720C08CD-4CC2-42FA-9DED-4231B9831081}.Debug|Any CPU.ActiveCfg = Debug|Any CPU
		{720C08CD-4CC2-42FA-9DED-4231B9831081}.Debug|Any CPU.Build.0 = Debug|Any CPU
		{720C08CD-4CC2-42FA-9DED-4231B9831081}.Release|Any CPU.ActiveCfg = Release|Any CPU
		{720C08CD-4CC2-42FA-9DED-4231B9831081}.Release|Any CPU.Build.0 = Release|Any CPU
	EndGlobalSection
	GlobalSection(SolutionProperties) = preSolution
		HideSolutionNode = FALSE
	EndGlobalSection
EndGlobal
